
Microsoft Visual Studio Solution File, Format Version 12.00
# Visual Studio Version 16
VisualStudioVersion = 16.0.31112.23
MinimumVisualStudioVersion = 10.0.40219.1
Project("{FAE04EC0-301F-11D3-BF4B-00C04F79EFBC}") = "Flight_Inspection_App", "Flight_Inspection_App\Flight_Inspection_App.csproj", "{D31A628D-FDD2-4DA0-83F6-96A8D4F0820D}"
EndProject
Global
	GlobalSection(SolutionConfigurationPlatforms) = preSolution
		Debug|Any CPU = Debug|Any CPU
		Release|Any CPU = Release|Any CPU
	EndGlobalSection
	GlobalSection(ProjectConfigurationPlatforms) = postSolution
		{D31A628D-FDD2-4DA0-83F6-96A8D4F0820D}.Debug|Any CPU.ActiveCfg = Debug|Any CPU
		{D31A628D-FDD2-4DA0-83F6-96A8D4F0820D}.Debug|Any CPU.Build.0 = Debug|Any CPU
		{D31A628D-FDD2-4DA0-83F6-96A8D4F0820D}.Release|Any CPU.ActiveCfg = Release|Any CPU
		{D31A628D-FDD2-4DA0-83F6-96A8D4F0820D}.Release|Any CPU.Build.0 = Release|Any CPU
	EndGlobalSection
	GlobalSection(SolutionProperties) = preSolution
		HideSolutionNode = FALSE
	EndGlobalSection
	GlobalSection(ExtensibilityGlobals) = postSolution
		SolutionGuid = {555156FF-7BC7-4950-80F9-F7D2C4A9AD92}
	EndGlobalSection
EndGlobal
